// !$*UTF8*$!
{
	archiveVersion = 1;
	classes = {
	};
	objectVersion = 55;
	objects = {

/* Begin PBXBuildFile section */
		56C62C9684C22FA732DDA669 /* Pods_ReadersProject.framework in Frameworks */ = {isa = PBXBuildFile; fileRef = 11AFB6220AD91310E5AFC2A3 /* Pods_ReadersProject.framework */; };
		A94DF0E72AC0943A008A77C3 /* AppDelegate.swift in Sources */ = {isa = PBXBuildFile; fileRef = A94DF0E62AC0943A008A77C3 /* AppDelegate.swift */; };
		A94DF0F02AC0943E008A77C3 /* Assets.xcassets in Resources */ = {isa = PBXBuildFile; fileRef = A94DF0EF2AC0943E008A77C3 /* Assets.xcassets */; };
		A94DF0F32AC0943E008A77C3 /* LaunchScreen.storyboard in Resources */ = {isa = PBXBuildFile; fileRef = A94DF0F12AC0943E008A77C3 /* LaunchScreen.storyboard */; };
		A9530D2E2AC0C69B00B7D4C2 /* ReaderListModel.swift in Sources */ = {isa = PBXBuildFile; fileRef = A9530D2D2AC0C69B00B7D4C2 /* ReaderListModel.swift */; };
		A9530D302AC1173000B7D4C2 /* UITextField.swift in Sources */ = {isa = PBXBuildFile; fileRef = A9530D2F2AC1173000B7D4C2 /* UITextField.swift */; };
		A954FFD22AC097C8006990D5 /* UIColor.swift in Sources */ = {isa = PBXBuildFile; fileRef = A954FFD12AC097C8006990D5 /* UIColor.swift */; };
		A954FFD42AC097CE006990D5 /* Router.swift in Sources */ = {isa = PBXBuildFile; fileRef = A954FFD32AC097CE006990D5 /* Router.swift */; };
		A954FFD82AC097E8006990D5 /* NavigationBar.swift in Sources */ = {isa = PBXBuildFile; fileRef = A954FFD62AC097E8006990D5 /* NavigationBar.swift */; };
		A954FFD92AC097E8006990D5 /* ReaderTableCell.swift in Sources */ = {isa = PBXBuildFile; fileRef = A954FFD72AC097E8006990D5 /* ReaderTableCell.swift */; };
		A954FFDF2AC0981D006990D5 /* ReadersListViewController.swift in Sources */ = {isa = PBXBuildFile; fileRef = A954FFDE2AC0981D006990D5 /* ReadersListViewController.swift */; };
		A954FFE12AC09820006990D5 /* ReadListModelView.swift in Sources */ = {isa = PBXBuildFile; fileRef = A954FFE02AC09820006990D5 /* ReadListModelView.swift */; };
		A954FFE52AC0983E006990D5 /* ReadersCoordinator.swift in Sources */ = {isa = PBXBuildFile; fileRef = A954FFE32AC0983E006990D5 /* ReadersCoordinator.swift */; };
		A954FFE62AC0983E006990D5 /* Factory.swift in Sources */ = {isa = PBXBuildFile; fileRef = A954FFE42AC0983E006990D5 /* Factory.swift */; };
		A954FFEA2AC09851006990D5 /* CommonProtocols.swift in Sources */ = {isa = PBXBuildFile; fileRef = A954FFE82AC09851006990D5 /* CommonProtocols.swift */; };
		A954FFEB2AC09851006990D5 /* AppCoordinator.swift in Sources */ = {isa = PBXBuildFile; fileRef = A954FFE92AC09851006990D5 /* AppCoordinator.swift */; };
		A954FFED2AC09A8A006990D5 /* ReadersModel.swift in Sources */ = {isa = PBXBuildFile; fileRef = A954FFEC2AC09A8A006990D5 /* ReadersModel.swift */; };
		A954FFF42AC0BBA0006990D5 /* ReaderEditorViewController.swift in Sources */ = {isa = PBXBuildFile; fileRef = A954FFF32AC0BBA0006990D5 /* ReaderEditorViewController.swift */; };
		A954FFF62AC0BBE9006990D5 /* ReaderEditorViewModel.swift in Sources */ = {isa = PBXBuildFile; fileRef = A954FFF52AC0BBE9006990D5 /* ReaderEditorViewModel.swift */; };
/* End PBXBuildFile section */

/* Begin PBXFileReference section */
		11AFB6220AD91310E5AFC2A3 /* Pods_ReadersProject.framework */ = {isa = PBXFileReference; explicitFileType = wrapper.framework; includeInIndex = 0; path = Pods_ReadersProject.framework; sourceTree = BUILT_PRODUCTS_DIR; };
		7A99EEC2E24F9D8C084FAC56 /* Pods-ReadersProject.debug.xcconfig */ = {isa = PBXFileReference; includeInIndex = 1; lastKnownFileType = text.xcconfig; name = "Pods-ReadersProject.debug.xcconfig"; path = "Target Support Files/Pods-ReadersProject/Pods-ReadersProject.debug.xcconfig"; sourceTree = "<group>"; };
		A94DF0E32AC0943A008A77C3 /* ReadersProject.app */ = {isa = PBXFileReference; explicitFileType = wrapper.application; includeInIndex = 0; path = ReadersProject.app; sourceTree = BUILT_PRODUCTS_DIR; };
		A94DF0E62AC0943A008A77C3 /* AppDelegate.swift */ = {isa = PBXFileReference; lastKnownFileType = sourcecode.swift; path = AppDelegate.swift; sourceTree = "<group>"; };
		A94DF0EF2AC0943E008A77C3 /* Assets.xcassets */ = {isa = PBXFileReference; lastKnownFileType = folder.assetcatalog; path = Assets.xcassets; sourceTree = "<group>"; };
		A94DF0F22AC0943E008A77C3 /* Base */ = {isa = PBXFileReference; lastKnownFileType = file.storyboard; name = Base; path = Base.lproj/LaunchScreen.storyboard; sourceTree = "<group>"; };
		A94DF0F42AC0943E008A77C3 /* Info.plist */ = {isa = PBXFileReference; lastKnownFileType = text.plist.xml; path = Info.plist; sourceTree = "<group>"; };
		A9530D2D2AC0C69B00B7D4C2 /* ReaderListModel.swift */ = {isa = PBXFileReference; lastKnownFileType = sourcecode.swift; path = ReaderListModel.swift; sourceTree = "<group>"; };
		A9530D2F2AC1173000B7D4C2 /* UITextField.swift */ = {isa = PBXFileReference; lastKnownFileType = sourcecode.swift; path = UITextField.swift; sourceTree = "<group>"; };
		A954FFD12AC097C8006990D5 /* UIColor.swift */ = {isa = PBXFileReference; fileEncoding = 4; lastKnownFileType = sourcecode.swift; path = UIColor.swift; sourceTree = "<group>"; };
		A954FFD32AC097CE006990D5 /* Router.swift */ = {isa = PBXFileReference; fileEncoding = 4; lastKnownFileType = sourcecode.swift; path = Router.swift; sourceTree = "<group>"; };
		A954FFD62AC097E8006990D5 /* NavigationBar.swift */ = {isa = PBXFileReference; fileEncoding = 4; lastKnownFileType = sourcecode.swift; path = NavigationBar.swift; sourceTree = "<group>"; };
		A954FFD72AC097E8006990D5 /* ReaderTableCell.swift */ = {isa = PBXFileReference; fileEncoding = 4; lastKnownFileType = sourcecode.swift; path = ReaderTableCell.swift; sourceTree = "<group>"; };
		A954FFDE2AC0981D006990D5 /* ReadersListViewController.swift */ = {isa = PBXFileReference; fileEncoding = 4; lastKnownFileType = sourcecode.swift; path = ReadersListViewController.swift; sourceTree = "<group>"; };
		A954FFE02AC09820006990D5 /* ReadListModelView.swift */ = {isa = PBXFileReference; fileEncoding = 4; lastKnownFileType = sourcecode.swift; path = ReadListModelView.swift; sourceTree = "<group>"; };
		A954FFE32AC0983E006990D5 /* ReadersCoordinator.swift */ = {isa = PBXFileReference; fileEncoding = 4; lastKnownFileType = sourcecode.swift; path = ReadersCoordinator.swift; sourceTree = "<group>"; };
		A954FFE42AC0983E006990D5 /* Factory.swift */ = {isa = PBXFileReference; fileEncoding = 4; lastKnownFileType = sourcecode.swift; path = Factory.swift; sourceTree = "<group>"; };
		A954FFE82AC09851006990D5 /* CommonProtocols.swift */ = {isa = PBXFileReference; fileEncoding = 4; lastKnownFileType = sourcecode.swift; path = CommonProtocols.swift; sourceTree = "<group>"; };
		A954FFE92AC09851006990D5 /* AppCoordinator.swift */ = {isa = PBXFileReference; fileEncoding = 4; lastKnownFileType = sourcecode.swift; path = AppCoordinator.swift; sourceTree = "<group>"; };
		A954FFEC2AC09A8A006990D5 /* ReadersModel.swift */ = {isa = PBXFileReference; lastKnownFileType = sourcecode.swift; path = ReadersModel.swift; sourceTree = "<group>"; };
		A954FFF32AC0BBA0006990D5 /* ReaderEditorViewController.swift */ = {isa = PBXFileReference; lastKnownFileType = sourcecode.swift; path = ReaderEditorViewController.swift; sourceTree = "<group>"; };
		A954FFF52AC0BBE9006990D5 /* ReaderEditorViewModel.swift */ = {isa = PBXFileReference; lastKnownFileType = sourcecode.swift; path = ReaderEditorViewModel.swift; sourceTree = "<group>"; };
		F23F4F0F808E25EBEA3B977B /* Pods-ReadersProject.release.xcconfig */ = {isa = PBXFileReference; includeInIndex = 1; lastKnownFileType = text.xcconfig; name = "Pods-ReadersProject.release.xcconfig"; path = "Target Support Files/Pods-ReadersProject/Pods-ReadersProject.release.xcconfig"; sourceTree = "<group>"; };
/* End PBXFileReference section */

/* Begin PBXFrameworksBuildPhase section */
		A94DF0E02AC0943A008A77C3 /* Frameworks */ = {
			isa = PBXFrameworksBuildPhase;
			buildActionMask = 2147483647;
			files = (
				56C62C9684C22FA732DDA669 /* Pods_ReadersProject.framework in Frameworks */,
			);
			runOnlyForDeploymentPostprocessing = 0;
		};
/* End PBXFrameworksBuildPhase section */

/* Begin PBXGroup section */
		4B28869140FFACBAD56CC3BF /* Pods */ = {
			isa = PBXGroup;
			children = (
				7A99EEC2E24F9D8C084FAC56 /* Pods-ReadersProject.debug.xcconfig */,
				F23F4F0F808E25EBEA3B977B /* Pods-ReadersProject.release.xcconfig */,
			);
			path = Pods;
			sourceTree = "<group>";
		};
		5E18FF4676B26C0E4061CB29 /* Frameworks */ = {
			isa = PBXGroup;
			children = (
				11AFB6220AD91310E5AFC2A3 /* Pods_ReadersProject.framework */,
			);
			name = Frameworks;
			sourceTree = "<group>";
		};
		A94DF0DA2AC0943A008A77C3 = {
			isa = PBXGroup;
			children = (
				A94DF0E52AC0943A008A77C3 /* ReadersProject */,
				A94DF0E42AC0943A008A77C3 /* Products */,
				4B28869140FFACBAD56CC3BF /* Pods */,
				5E18FF4676B26C0E4061CB29 /* Frameworks */,
			);
			sourceTree = "<group>";
		};
		A94DF0E42AC0943A008A77C3 /* Products */ = {
			isa = PBXGroup;
			children = (
				A94DF0E32AC0943A008A77C3 /* ReadersProject.app */,
			);
			name = Products;
			sourceTree = "<group>";
		};
		A94DF0E52AC0943A008A77C3 /* ReadersProject */ = {
			isa = PBXGroup;
			children = (
				A954FFCD2AC097AB006990D5 /* Helpers&Extensions */,
				A954FFD52AC097D7006990D5 /* CustomView */,
				A954FFE22AC0982B006990D5 /* Navigation */,
				A954FFDA2AC097F4006990D5 /* ReadersModule */,
				A94DF0E62AC0943A008A77C3 /* AppDelegate.swift */,
				A94DF0EF2AC0943E008A77C3 /* Assets.xcassets */,
				A94DF0F12AC0943E008A77C3 /* LaunchScreen.storyboard */,
				A94DF0F42AC0943E008A77C3 /* Info.plist */,
			);
			path = ReadersProject;
			sourceTree = "<group>";
		};
		A954FFCD2AC097AB006990D5 /* Helpers&Extensions */ = {
			isa = PBXGroup;
			children = (
				A954FFD02AC097C2006990D5 /* Extensions */,
				A954FFD32AC097CE006990D5 /* Router.swift */,
			);
			path = "Helpers&Extensions";
			sourceTree = "<group>";
		};
		A954FFD02AC097C2006990D5 /* Extensions */ = {
			isa = PBXGroup;
			children = (
				A954FFD12AC097C8006990D5 /* UIColor.swift */,
				A9530D2F2AC1173000B7D4C2 /* UITextField.swift */,
			);
			path = Extensions;
			sourceTree = "<group>";
		};
		A954FFD52AC097D7006990D5 /* CustomView */ = {
			isa = PBXGroup;
			children = (
				A954FFD62AC097E8006990D5 /* NavigationBar.swift */,
				A954FFD72AC097E8006990D5 /* ReaderTableCell.swift */,
			);
			path = CustomView;
			sourceTree = "<group>";
		};
		A954FFDA2AC097F4006990D5 /* ReadersModule */ = {
			isa = PBXGroup;
			children = (
				A954FFEF2AC0BB67006990D5 /* ReaderEditorScreen */,
				A954FFEE2AC0BB51006990D5 /* ReadersListScreen */,
			);
			path = ReadersModule;
			sourceTree = "<group>";
		};
		A954FFDB2AC097FF006990D5 /* Model */ = {
			isa = PBXGroup;
			children = (
				A954FFEC2AC09A8A006990D5 /* ReadersModel.swift */,
			);
			path = Model;
			sourceTree = "<group>";
		};
		A954FFDC2AC0980B006990D5 /* View */ = {
			isa = PBXGroup;
			children = (
				A954FFDE2AC0981D006990D5 /* ReadersListViewController.swift */,
			);
			path = View;
			sourceTree = "<group>";
		};
		A954FFDD2AC09810006990D5 /* ViewModel */ = {
			isa = PBXGroup;
			children = (
				A954FFE02AC09820006990D5 /* ReadListModelView.swift */,
			);
			path = ViewModel;
			sourceTree = "<group>";
		};
		A954FFE22AC0982B006990D5 /* Navigation */ = {
			isa = PBXGroup;
			children = (
				A954FFE72AC09842006990D5 /* AppCoordinator */,
				A954FFE42AC0983E006990D5 /* Factory.swift */,
				A954FFE32AC0983E006990D5 /* ReadersCoordinator.swift */,
			);
			path = Navigation;
			sourceTree = "<group>";
		};
		A954FFE72AC09842006990D5 /* AppCoordinator */ = {
			isa = PBXGroup;
			children = (
				A954FFE92AC09851006990D5 /* AppCoordinator.swift */,
				A954FFE82AC09851006990D5 /* CommonProtocols.swift */,
			);
			path = AppCoordinator;
			sourceTree = "<group>";
		};
		A954FFEE2AC0BB51006990D5 /* ReadersListScreen */ = {
			isa = PBXGroup;
			children = (
				A954FFDC2AC0980B006990D5 /* View */,
				A954FFDD2AC09810006990D5 /* ViewModel */,
				A954FFDB2AC097FF006990D5 /* Model */,
			);
			path = ReadersListScreen;
			sourceTree = "<group>";
		};
		A954FFEF2AC0BB67006990D5 /* ReaderEditorScreen */ = {
			isa = PBXGroup;
			children = (
				A954FFF22AC0BB87006990D5 /* ViewModel */,
				A954FFF12AC0BB80006990D5 /* View */,
				A954FFF02AC0BB79006990D5 /* Model */,
			);
			path = ReaderEditorScreen;
			sourceTree = "<group>";
		};
		A954FFF02AC0BB79006990D5 /* Model */ = {
			isa = PBXGroup;
			children = (
				A9530D2D2AC0C69B00B7D4C2 /* ReaderListModel.swift */,
			);
			path = Model;
			sourceTree = "<group>";
		};
		A954FFF12AC0BB80006990D5 /* View */ = {
			isa = PBXGroup;
			children = (
				A954FFF32AC0BBA0006990D5 /* ReaderEditorViewController.swift */,
			);
			path = View;
			sourceTree = "<group>";
		};
		A954FFF22AC0BB87006990D5 /* ViewModel */ = {
			isa = PBXGroup;
			children = (
				A954FFF52AC0BBE9006990D5 /* ReaderEditorViewModel.swift */,
			);
			path = ViewModel;
			sourceTree = "<group>";
		};
/* End PBXGroup section */

/* Begin PBXNativeTarget section */
		A94DF0E22AC0943A008A77C3 /* ReadersProject */ = {
			isa = PBXNativeTarget;
			buildConfigurationList = A94DF0F72AC0943E008A77C3 /* Build configuration list for PBXNativeTarget "ReadersProject" */;
			buildPhases = (
				92AEAF2809BDA6BAB22055C6 /* [CP] Check Pods Manifest.lock */,
				A94DF0DF2AC0943A008A77C3 /* Sources */,
				A94DF0E02AC0943A008A77C3 /* Frameworks */,
				A94DF0E12AC0943A008A77C3 /* Resources */,
				506CF53E6D32AFDB9C6F8EED /* [CP] Embed Pods Frameworks */,
			);
			buildRules = (
			);
			dependencies = (
			);
			name = ReadersProject;
			productName = ReadersProject;
			productReference = A94DF0E32AC0943A008A77C3 /* ReadersProject.app */;
			productType = "com.apple.product-type.application";
		};
/* End PBXNativeTarget section */

/* Begin PBXProject section */
		A94DF0DB2AC0943A008A77C3 /* Project object */ = {
			isa = PBXProject;
			attributes = {
				BuildIndependentTargetsInParallel = 1;
				LastSwiftUpdateCheck = 1340;
				LastUpgradeCheck = 1340;
				TargetAttributes = {
					A94DF0E22AC0943A008A77C3 = {
						CreatedOnToolsVersion = 13.4.1;
					};
				};
			};
			buildConfigurationList = A94DF0DE2AC0943A008A77C3 /* Build configuration list for PBXProject "ReadersProject" */;
			compatibilityVersion = "Xcode 13.0";
			developmentRegion = en;
			hasScannedForEncodings = 0;
			knownRegions = (
				en,
				Base,
			);
			mainGroup = A94DF0DA2AC0943A008A77C3;
			productRefGroup = A94DF0E42AC0943A008A77C3 /* Products */;
			projectDirPath = "";
			projectRoot = "";
			targets = (
				A94DF0E22AC0943A008A77C3 /* ReadersProject */,
			);
		};
/* End PBXProject section */

/* Begin PBXResourcesBuildPhase section */
		A94DF0E12AC0943A008A77C3 /* Resources */ = {
			isa = PBXResourcesBuildPhase;
			buildActionMask = 2147483647;
			files = (
				A94DF0F32AC0943E008A77C3 /* LaunchScreen.storyboard in Resources */,
				A94DF0F02AC0943E008A77C3 /* Assets.xcassets in Resources */,
			);
			runOnlyForDeploymentPostprocessing = 0;
		};
/* End PBXResourcesBuildPhase section */

/* Begin PBXShellScriptBuildPhase section */
		506CF53E6D32AFDB9C6F8EED /* [CP] Embed Pods Frameworks */ = {
			isa = PBXShellScriptBuildPhase;
			buildActionMask = 2147483647;
			files = (
			);
			inputFileListPaths = (
				"${PODS_ROOT}/Target Support Files/Pods-ReadersProject/Pods-ReadersProject-frameworks-${CONFIGURATION}-input-files.xcfilelist",
			);
			name = "[CP] Embed Pods Frameworks";
			outputFileListPaths = (
				"${PODS_ROOT}/Target Support Files/Pods-ReadersProject/Pods-ReadersProject-frameworks-${CONFIGURATION}-output-files.xcfilelist",
			);
			runOnlyForDeploymentPostprocessing = 0;
			shellPath = /bin/sh;
			shellScript = "\"${PODS_ROOT}/Target Support Files/Pods-ReadersProject/Pods-ReadersProject-frameworks.sh\"\n";
			showEnvVarsInLog = 0;
		};
		92AEAF2809BDA6BAB22055C6 /* [CP] Check Pods Manifest.lock */ = {
			isa = PBXShellScriptBuildPhase;
			buildActionMask = 2147483647;
			files = (
			);
			inputFileListPaths = (
			);
			inputPaths = (
				"${PODS_PODFILE_DIR_PATH}/Podfile.lock",
				"${PODS_ROOT}/Manifest.lock",
			);
			name = "[CP] Check Pods Manifest.lock";
			outputFileListPaths = (
			);
			outputPaths = (
				"$(DERIVED_FILE_DIR)/Pods-ReadersProject-checkManifestLockResult.txt",
			);
			runOnlyForDeploymentPostprocessing = 0;
			shellPath = /bin/sh;
			shellScript = "diff \"${PODS_PODFILE_DIR_PATH}/Podfile.lock\" \"${PODS_ROOT}/Manifest.lock\" > /dev/null\nif [ $? != 0 ] ; then\n    # print error to STDERR\n    echo \"error: The sandbox is not in sync with the Podfile.lock. Run 'pod install' or update your CocoaPods installation.\" >&2\n    exit 1\nfi\n# This output is used by Xcode 'outputs' to avoid re-running this script phase.\necho \"SUCCESS\" > \"${SCRIPT_OUTPUT_FILE_0}\"\n";
			showEnvVarsInLog = 0;
		};
/* End PBXShellScriptBuildPhase section */

/* Begin PBXSourcesBuildPhase section */
		A94DF0DF2AC0943A008A77C3 /* Sources */ = {
			isa = PBXSourcesBuildPhase;
			buildActionMask = 2147483647;
			files = (
				A9530D2E2AC0C69B00B7D4C2 /* ReaderListModel.swift in Sources */,
				A954FFEB2AC09851006990D5 /* AppCoordinator.swift in Sources */,
				A94DF0E72AC0943A008A77C3 /* AppDelegate.swift in Sources */,
				A9530D302AC1173000B7D4C2 /* UITextField.swift in Sources */,
				A954FFE12AC09820006990D5 /* ReadListModelView.swift in Sources */,
				A954FFF42AC0BBA0006990D5 /* ReaderEditorViewController.swift in Sources */,
				A954FFDF2AC0981D006990D5 /* ReadersListViewController.swift in Sources */,
				A954FFD42AC097CE006990D5 /* Router.swift in Sources */,
				A954FFEA2AC09851006990D5 /* CommonProtocols.swift in Sources */,
				A954FFD92AC097E8006990D5 /* ReaderTableCell.swift in Sources */,
				A954FFE62AC0983E006990D5 /* Factory.swift in Sources */,
				A954FFED2AC09A8A006990D5 /* ReadersModel.swift in Sources */,
				A954FFE52AC0983E006990D5 /* ReadersCoordinator.swift in Sources */,
				A954FFF62AC0BBE9006990D5 /* ReaderEditorViewModel.swift in Sources */,
				A954FFD22AC097C8006990D5 /* UIColor.swift in Sources */,
				A954FFD82AC097E8006990D5 /* NavigationBar.swift in Sources */,
			);
			runOnlyForDeploymentPostprocessing = 0;
		};
/* End PBXSourcesBuildPhase section */

/* Begin PBXVariantGroup section */
		A94DF0F12AC0943E008A77C3 /* LaunchScreen.storyboard */ = {
			isa = PBXVariantGroup;
			children = (
				A94DF0F22AC0943E008A77C3 /* Base */,
			);
			name = LaunchScreen.storyboard;
			sourceTree = "<group>";
		};
/* End PBXVariantGroup section */

/* Begin XCBuildConfiguration section */
		A94DF0F52AC0943E008A77C3 /* Debug */ = {
			isa = XCBuildConfiguration;
			buildSettings = {
				ALWAYS_SEARCH_USER_PATHS = NO;
				CLANG_ANALYZER_NONNULL = YES;
				CLANG_ANALYZER_NUMBER_OBJECT_CONVERSION = YES_AGGRESSIVE;
				CLANG_CXX_LANGUAGE_STANDARD = "gnu++17";
				CLANG_ENABLE_MODULES = YES;
				CLANG_ENABLE_OBJC_ARC = YES;
				CLANG_ENABLE_OBJC_WEAK = YES;
				CLANG_WARN_BLOCK_CAPTURE_AUTORELEASING = YES;
				CLANG_WARN_BOOL_CONVERSION = YES;
				CLANG_WARN_COMMA = YES;
				CLANG_WARN_CONSTANT_CONVERSION = YES;
				CLANG_WARN_DEPRECATED_OBJC_IMPLEMENTATIONS = YES;
				CLANG_WARN_DIRECT_OBJC_ISA_USAGE = YES_ERROR;
				CLANG_WARN_DOCUMENTATION_COMMENTS = YES;
				CLANG_WARN_EMPTY_BODY = YES;
				CLANG_WARN_ENUM_CONVERSION = YES;
				CLANG_WARN_INFINITE_RECURSION = YES;
				CLANG_WARN_INT_CONVERSION = YES;
				CLANG_WARN_NON_LITERAL_NULL_CONVERSION = YES;
				CLANG_WARN_OBJC_IMPLICIT_RETAIN_SELF = YES;
				CLANG_WARN_OBJC_LITERAL_CONVERSION = YES;
				CLANG_WARN_OBJC_ROOT_CLASS = YES_ERROR;
				CLANG_WARN_QUOTED_INCLUDE_IN_FRAMEWORK_HEADER = YES;
				CLANG_WARN_RANGE_LOOP_ANALYSIS = YES;
				CLANG_WARN_STRICT_PROTOTYPES = YES;
				CLANG_WARN_SUSPICIOUS_MOVE = YES;
				CLANG_WARN_UNGUARDED_AVAILABILITY = YES_AGGRESSIVE;
				CLANG_WARN_UNREACHABLE_CODE = YES;
				CLANG_WARN__DUPLICATE_METHOD_MATCH = YES;
				COPY_PHASE_STRIP = NO;
				DEBUG_INFORMATION_FORMAT = dwarf;
				ENABLE_STRICT_OBJC_MSGSEND = YES;
				ENABLE_TESTABILITY = YES;
				GCC_C_LANGUAGE_STANDARD = gnu11;
				GCC_DYNAMIC_NO_PIC = NO;
				GCC_NO_COMMON_BLOCKS = YES;
				GCC_OPTIMIZATION_LEVEL = 0;
				GCC_PREPROCESSOR_DEFINITIONS = (
					"DEBUG=1",
					"$(inherited)",
				);
				GCC_WARN_64_TO_32_BIT_CONVERSION = YES;
				GCC_WARN_ABOUT_RETURN_TYPE = YES_ERROR;
				GCC_WARN_UNDECLARED_SELECTOR = YES;
				GCC_WARN_UNINITIALIZED_AUTOS = YES_AGGRESSIVE;
				GCC_WARN_UNUSED_FUNCTION = YES;
				GCC_WARN_UNUSED_VARIABLE = YES;
				IPHONEOS_DEPLOYMENT_TARGET = 14.0;
				MTL_ENABLE_DEBUG_INFO = INCLUDE_SOURCE;
				MTL_FAST_MATH = YES;
				ONLY_ACTIVE_ARCH = YES;
				SDKROOT = iphoneos;
				SWIFT_ACTIVE_COMPILATION_CONDITIONS = DEBUG;
				SWIFT_OPTIMIZATION_LEVEL = "-Onone";
			};
			name = Debug;
		};
		A94DF0F62AC0943E008A77C3 /* Release */ = {
			isa = XCBuildConfiguration;
			buildSettings = {
				ALWAYS_SEARCH_USER_PATHS = NO;
				CLANG_ANALYZER_NONNULL = YES;
				CLANG_ANALYZER_NUMBER_OBJECT_CONVERSION = YES_AGGRESSIVE;
				CLANG_CXX_LANGUAGE_STANDARD = "gnu++17";
				CLANG_ENABLE_MODULES = YES;
				CLANG_ENABLE_OBJC_ARC = YES;
				CLANG_ENABLE_OBJC_WEAK = YES;
				CLANG_WARN_BLOCK_CAPTURE_AUTORELEASING = YES;
				CLANG_WARN_BOOL_CONVERSION = YES;
				CLANG_WARN_COMMA = YES;
				CLANG_WARN_CONSTANT_CONVERSION = YES;
				CLANG_WARN_DEPRECATED_OBJC_IMPLEMENTATIONS = YES;
				CLANG_WARN_DIRECT_OBJC_ISA_USAGE = YES_ERROR;
				CLANG_WARN_DOCUMENTATION_COMMENTS = YES;
				CLANG_WARN_EMPTY_BODY = YES;
				CLANG_WARN_ENUM_CONVERSION = YES;
				CLANG_WARN_INFINITE_RECURSION = YES;
				CLANG_WARN_INT_CONVERSION = YES;
				CLANG_WARN_NON_LITERAL_NULL_CONVERSION = YES;
				CLANG_WARN_OBJC_IMPLICIT_RETAIN_SELF = YES;
				CLANG_WARN_OBJC_LITERAL_CONVERSION = YES;
				CLANG_WARN_OBJC_ROOT_CLASS = YES_ERROR;
				CLANG_WARN_QUOTED_INCLUDE_IN_FRAMEWORK_HEADER = YES;
				CLANG_WARN_RANGE_LOOP_ANALYSIS = YES;
				CLANG_WARN_STRICT_PROTOTYPES = YES;
				CLANG_WARN_SUSPICIOUS_MOVE = YES;
				CLANG_WARN_UNGUARDED_AVAILABILITY = YES_AGGRESSIVE;
				CLANG_WARN_UNREACHABLE_CODE = YES;
				CLANG_WARN__DUPLICATE_METHOD_MATCH = YES;
				COPY_PHASE_STRIP = NO;
				DEBUG_INFORMATION_FORMAT = "dwarf-with-dsym";
				ENABLE_NS_ASSERTIONS = NO;
				ENABLE_STRICT_OBJC_MSGSEND = YES;
				GCC_C_LANGUAGE_STANDARD = gnu11;
				GCC_NO_COMMON_BLOCKS = YES;
				GCC_WARN_64_TO_32_BIT_CONVERSION = YES;
				GCC_WARN_ABOUT_RETURN_TYPE = YES_ERROR;
				GCC_WARN_UNDECLARED_SELECTOR = YES;
				GCC_WARN_UNINITIALIZED_AUTOS = YES_AGGRESSIVE;
				GCC_WARN_UNUSED_FUNCTION = YES;
				GCC_WARN_UNUSED_VARIABLE = YES;
				IPHONEOS_DEPLOYMENT_TARGET = 14.0;
				MTL_ENABLE_DEBUG_INFO = NO;
				MTL_FAST_MATH = YES;
				SDKROOT = iphoneos;
				SWIFT_COMPILATION_MODE = wholemodule;
				SWIFT_OPTIMIZATION_LEVEL = "-O";
				VALIDATE_PRODUCT = YES;
			};
			name = Release;
		};
		A94DF0F82AC0943E008A77C3 /* Debug */ = {
			isa = XCBuildConfiguration;
			baseConfigurationReference = 7A99EEC2E24F9D8C084FAC56 /* Pods-ReadersProject.debug.xcconfig */;
			buildSettings = {
				ASSETCATALOG_COMPILER_APPICON_NAME = AppIcon;
				ASSETCATALOG_COMPILER_GLOBAL_ACCENT_COLOR_NAME = AccentColor;
				CODE_SIGN_STYLE = Automatic;
				CURRENT_PROJECT_VERSION = 1;
				DEVELOPMENT_TEAM = 73WF872FS5;
				GENERATE_INFOPLIST_FILE = YES;
				INFOPLIST_FILE = ReadersProject/Info.plist;
				INFOPLIST_KEY_UIApplicationSupportsIndirectInputEvents = YES;
				INFOPLIST_KEY_UILaunchStoryboardName = LaunchScreen;
				INFOPLIST_KEY_UISupportedInterfaceOrientations_iPad = "UIInterfaceOrientationPortrait UIInterfaceOrientationPortraitUpsideDown UIInterfaceOrientationLandscapeLeft UIInterfaceOrientationLandscapeRight";
				INFOPLIST_KEY_UISupportedInterfaceOrientations_iPhone = "UIInterfaceOrientationPortrait UIInterfaceOrientationLandscapeLeft UIInterfaceOrientationLandscapeRight";
				LD_RUNPATH_SEARCH_PATHS = (
					"$(inherited)",
					"@executable_path/Frameworks",
				);
				MARKETING_VERSION = 1.0;
				PRODUCT_BUNDLE_IDENTIFIER = ann.ivanova.ReadersProject;
				PRODUCT_NAME = "$(TARGET_NAME)";
				SWIFT_EMIT_LOC_STRINGS = YES;
				SWIFT_VERSION = 5.0;
				TARGETED_DEVICE_FAMILY = 1;
			};
			name = Debug;
		};
		A94DF0F92AC0943E008A77C3 /* Release */ = {
			isa = XCBuildConfiguration;
			baseConfigurationReference = F23F4F0F808E25EBEA3B977B /* Pods-ReadersProject.release.xcconfig */;
			buildSettings = {
				ASSETCATALOG_COMPILER_APPICON_NAME = AppIcon;
				ASSETCATALOG_COMPILER_GLOBAL_ACCENT_COLOR_NAME = AccentColor;
				CODE_SIGN_STYLE = Automatic;
				CURRENT_PROJECT_VERSION = 1;
				DEVELOPMENT_TEAM = 73WF872FS5;
				GENERATE_INFOPLIST_FILE = YES;
				INFOPLIST_FILE = ReadersProject/Info.plist;
				INFOPLIST_KEY_UIApplicationSupportsIndirectInputEvents = YES;
				INFOPLIST_KEY_UILaunchStoryboardName = LaunchScreen;
				INFOPLIST_KEY_UISupportedInterfaceOrientations_iPad = "UIInterfaceOrientationPortrait UIInterfaceOrientationPortraitUpsideDown UIInterfaceOrientationLandscapeLeft UIInterfaceOrientationLandscapeRight";
				INFOPLIST_KEY_UISupportedInterfaceOrientations_iPhone = "UIInterfaceOrientationPortrait UIInterfaceOrientationLandscapeLeft UIInterfaceOrientationLandscapeRight";
				LD_RUNPATH_SEARCH_PATHS = (
					"$(inherited)",
					"@executable_path/Frameworks",
				);
				MARKETING_VERSION = 1.0;
				PRODUCT_BUNDLE_IDENTIFIER = ann.ivanova.ReadersProject;
				PRODUCT_NAME = "$(TARGET_NAME)";
				SWIFT_EMIT_LOC_STRINGS = YES;
				SWIFT_VERSION = 5.0;
				TARGETED_DEVICE_FAMILY = 1;
			};
			name = Release;
		};
/* End XCBuildConfiguration section */

/* Begin XCConfigurationList section */
		A94DF0DE2AC0943A008A77C3 /* Build configuration list for PBXProject "ReadersProject" */ = {
			isa = XCConfigurationList;
			buildConfigurations = (
				A94DF0F52AC0943E008A77C3 /* Debug */,
				A94DF0F62AC0943E008A77C3 /* Release */,
			);
			defaultConfigurationIsVisible = 0;
			defaultConfigurationName = Release;
		};
		A94DF0F72AC0943E008A77C3 /* Build configuration list for PBXNativeTarget "ReadersProject" */ = {
			isa = XCConfigurationList;
			buildConfigurations = (
				A94DF0F82AC0943E008A77C3 /* Debug */,
				A94DF0F92AC0943E008A77C3 /* Release */,
			);
			defaultConfigurationIsVisible = 0;
			defaultConfigurationName = Release;
		};
/* End XCConfigurationList section */
	};
	rootObject = A94DF0DB2AC0943A008A77C3 /* Project object */;
}
